
Microsoft Visual Studio Solution File, Format Version 12.00
# Visual Studio Version 17
VisualStudioVersion = 17.9.34728.123
MinimumVisualStudioVersion = 10.0.40219.1
Project("{FAE04EC0-301F-11D3-BF4B-00C04F79EFBC}") = "ApiClinica", "ApiClinica.csproj", "{8E85EAD7-CD91-4595-B4B7-DEF6FB1FE011}"
EndProject
Project("{FAE04EC0-301F-11D3-BF4B-00C04F79EFBC}") = "Entidades", "..\Entidades\Entidades.csproj", "{12F1E1F6-FEED-48C4-AD04-FD3EA0F81513}"
EndProject
Project("{FAE04EC0-301F-11D3-BF4B-00C04F79EFBC}") = "Servicios", "..\Servicios\Servicios.csproj", "{1E0BC7FD-D6F2-4EFA-9690-CF1BF644C9A5}"
EndProject
Global
	GlobalSection(SolutionConfigurationPlatforms) = preSolution
		Debug|Any CPU = Debug|Any CPU
		Release|Any CPU = Release|Any CPU
	EndGlobalSection
	GlobalSection(ProjectConfigurationPlatforms) = postSolution
		{8E85EAD7-CD91-4595-B4B7-DEF6FB1FE011}.Debug|Any CPU.ActiveCfg = Debug|Any CPU
		{8E85EAD7-CD91-4595-B4B7-DEF6FB1FE011}.Debug|Any CPU.Build.0 = Debug|Any CPU
		{8E85EAD7-CD91-4595-B4B7-DEF6FB1FE011}.Release|Any CPU.ActiveCfg = Release|Any CPU
		{8E85EAD7-CD91-4595-B4B7-DEF6FB1FE011}.Release|Any CPU.Build.0 = Release|Any CPU
		{12F1E1F6-FEED-48C4-AD04-FD3EA0F81513}.Debug|Any CPU.ActiveCfg = Debug|Any CPU
		{12F1E1F6-FEED-48C4-AD04-FD3EA0F81513}.Debug|Any CPU.Build.0 = Debug|Any CPU
		{12F1E1F6-FEED-48C4-AD04-FD3EA0F81513}.Release|Any CPU.ActiveCfg = Release|Any CPU
		{12F1E1F6-FEED-48C4-AD04-FD3EA0F81513}.Release|Any CPU.Build.0 = Release|Any CPU
		{1E0BC7FD-D6F2-4EFA-9690-CF1BF644C9A5}.Debug|Any CPU.ActiveCfg = Debug|Any CPU
		{1E0BC7FD-D6F2-4EFA-9690-CF1BF644C9A5}.Debug|Any CPU.Build.0 = Debug|Any CPU
		{1E0BC7FD-D6F2-4EFA-9690-CF1BF644C9A5}.Release|Any CPU.ActiveCfg = Release|Any CPU
		{1E0BC7FD-D6F2-4EFA-9690-CF1BF644C9A5}.Release|Any CPU.Build.0 = Release|Any CPU
	EndGlobalSection
	GlobalSection(SolutionProperties) = preSolution
		HideSolutionNode = FALSE
	EndGlobalSection
	GlobalSection(ExtensibilityGlobals) = postSolution
		SolutionGuid = {4B76981A-F82B-4139-8429-D892B4CA8FB0}
	EndGlobalSection
EndGlobal
